# THIS IS AN AUTOGENERATED FILE. DO NOT EDIT THIS FILE DIRECTLY.
# yarn lockfile v1


"@types/estree@0.0.39":
  version "0.0.39"
  resolved "https://registry.yarnpkg.com/@types/estree/-/estree-0.0.39.tgz#e177e699ee1b8c22d23174caaa7422644389509f"
  integrity sha512-EYNwp3bU+98cpU4lAWYYL7Zz+2gryWH1qbdDTidVd6hkiR6weksdbMadyXKXNPEkQFhXM+hVO9ZygomHXp+AIw==

"@types/node@*":
  version "11.9.5"
  resolved "https://registry.yarnpkg.com/@types/node/-/node-11.9.5.tgz#011eece9d3f839a806b63973e228f85967b79ed3"
  integrity sha512-vVjM0SVzgaOUpflq4GYBvCpozes8OgIIS5gVXVka+OfK3hvnkC1i93U8WiY2OtNE4XUWyyy/86Kf6e0IHTQw1Q==

acorn@^6.1.0:
  version "6.4.1"
  resolved "https://registry.yarnpkg.com/acorn/-/acorn-6.4.1.tgz#531e58ba3f51b9dacb9a6646ca4debf5b14ca474"
  integrity sha512-ZVA9k326Nwrj3Cj9jlh3wGFutC2ZornPNARZwsNYqQYgN0EsV2d53w5RN/co65Ohn4sUAUtb1rSUAOD6XN9idA==

rollup@^1.2.3:
  version "1.2.3"
  resolved "https://registry.yarnpkg.com/rollup/-/rollup-1.2.3.tgz#450bbbd9d3c2c9a17d23c9165cab7a659f91095a"
  integrity sha512-hTWFogj/Z077imG9XRM1i43ffarWNToDgsqkU62eJRX4rJE213/c8+gUIf4xacfzytl0sjJZfCzzPQfZN7oIQg==
  dependencies:
    "@types/estree" "0.0.39"
    "@types/node" "*"
    acorn "^6.1.0"

text-mask-core@^5.1.2:
  version "5.1.2"
  resolved "https://registry.yarnpkg.com/text-mask-core/-/text-mask-core-5.1.2.tgz#80dd5ebe04825757e46619e691407a9f8b3c1b6f"
  integrity sha1-gN1evgSCV1fkZhnmkUB6n4s8G28=
